{
    "_meta": {
        "hash": {
            "sha256": "3835eeabe65e9d13177fdfe50cf32633d08ad7ec07974d195a76c37b2a4df8f1"
        },
        "pipfile-spec": 6,
        "requires": {
            "python_version": "3.7"
        },
        "sources": [
            {
                "name": "pypi",
                "url": "https://pypi.org/simple",
                "verify_ssl": true
            }
        ]
    },
    "default": {
        "beautifulsoup4": {
            "hashes": [
                "sha256:034740f6cb549b4e932ae1ab975581e6103ac8f942200a0e9759065984391858",
                "sha256:945065979fb8529dd2f37dbb58f00b661bdbcbebf954f93b32fdf5263ef35348",
                "sha256:ba6d5c59906a85ac23dadfe5c88deaf3e179ef565f4898671253e50a78680718"
            ],
            "index": "pypi",
            "version": "==4.7.1"
        },
        "soupsieve": {
            "hashes": [
                "sha256:466910df7561796a60748826781ebe9a888f7a1668a636ae86783f44d10aae73",
                "sha256:87db12ae79194f0ff9808d2b1641c4f031ae39ffa3cab6b907ea7c1e5e5ed445"
            ],
            "version": "==1.7.3"
        }
    },
    "develop": {}
}
